<?xml version="1.0" encoding="utf-8"?>
<Project ToolsVersion="4.0" xmlns="http://schemas.microsoft.com/developer/msbuild/2003">
  <ItemGroup>
    <Filter Include="Source Files">
      <UniqueIdentifier>{4FC737F1-C7A5-4376-A066-2A32D752A2FF}</UniqueIdentifier>
      <Extensions>cpp;c;cc;cxx;c++;cppm;ixx;def;odl;idl;hpj;bat;asm;asmx</Extensions>
    </Filter>
    <Filter Include="Header Files">
      <UniqueIdentifier>{93995380-89BD-4b04-88EB-625FBE52EBFB}</UniqueIdentifier>
      <Extensions>h;hh;hpp;hxx;h++;hm;inl;inc;ipp;xsd</Extensions>
    </Filter>
    <Filter Include="Resource Files">
      <UniqueIdentifier>{67DA6AB6-F800-4c08-8B7A-83BB121AAD01}</UniqueIdentifier>
      <Extensions>rc;ico;cur;bmp;dlg;rc2;rct;bin;rgs;gif;jpg;jpeg;jpe;resx;tiff;tif;png;wav;mfcribbon-ms</Extensions>
    </Filter>
  </ItemGroup>
  <ItemGroup>
    <ClCompile Include="src\main.cpp">
      <Filter>Source Files</Filter>
    </ClCompile>
    <ClCompile Include="src\Handles\HandlePool.cpp">
      <Filter>Source Files</Filter>
    </ClCompile>
    <ClCompile Include="vendor\D3D12MemoryAllocator\src\D3D12MemAlloc.cpp">
      <Filter>Source Files</Filter>
    </ClCompile>
    <ClCompile Include="src\RHI\DX12\RenderBackend_DX12.cpp">
      <Filter>Source Files</Filter>
    </ClCompile>
    <ClCompile Include="src\RHI\DX12\RenderDevice_DX12.cpp">
      <Filter>Source Files</Filter>
    </ClCompile>
    <ClCompile Include="src\RHI\DX12\Utilities\DX12DescriptorAllocatorDMA.cpp">
      <Filter>Source Files</Filter>
    </ClCompile>
    <ClCompile Include="src\RHI\DX12\Utilities\DX12DescriptorManager.cpp">
      <Filter>Source Files</Filter>
    </ClCompile>
    <ClCompile Include="src\RHI\DX12\Utilities\DX12DescriptorHeap.cpp">
      <Filter>Source Files</Filter>
    </ClCompile>
    <ClCompile Include="src\RHI\ShaderCompiler\ShaderCompiler_DXC.cpp">
      <Filter>Source Files</Filter>
    </ClCompile>
    <ClCompile Include="src\RHI\PipelineBuilder.cpp">
      <Filter>Source Files</Filter>
    </ClCompile>
    <ClCompile Include="src\RHI\DX12\Utilities\DX12Queue.cpp">
      <Filter>Source Files</Filter>
    </ClCompile>
    <ClCompile Include="src\RHI\DX12\Utilities\DX12Fence.cpp">
      <Filter>Source Files</Filter>
    </ClCompile>
    <ClCompile Include="src\RHI\DX12\Utilities\StructTranslator_DX12.cpp">
      <Filter>Source Files</Filter>
    </ClCompile>
    <ClCompile Include="src\RHI\DX12\Utilities\DX12RenderPass.cpp">
      <Filter>Source Files</Filter>
    </ClCompile>
    <ClCompile Include="src\RHI\DX12\SwapChain_DX12.cpp">
      <Filter>Source Files</Filter>
    </ClCompile>
    <ClCompile Include="src\Window\Window.cpp">
      <Filter>Source Files</Filter>
    </ClCompile>
    <ClCompile Include="src\Application.cpp">
      <Filter>Source Files</Filter>
    </ClCompile>
    <ClCompile Include="src\RHI\DX12\CommandCompiler_DX12.cpp">
      <Filter>Source Files</Filter>
    </ClCompile>
    <ClCompile Include="src\Rendering\Renderer.cpp">
      <Filter>Source Files</Filter>
    </ClCompile>
    <ClCompile Include="src\Memory\VirtualBlockAllocator.cpp">
      <Filter>Source Files</Filter>
    </ClCompile>
  </ItemGroup>
  <ItemGroup>
    <ClInclude Include="src\Handles\HandlePool.h">
      <Filter>Header Files</Filter>
    </ClInclude>
    <ClInclude Include="vendor\D3D12MemoryAllocator\src\D3D12MemAlloc.h">
      <Filter>Header Files</Filter>
    </ClInclude>
    <ClInclude Include="src\Common.h">
      <Filter>Header Files</Filter>
    </ClInclude>
    <ClInclude Include="src\RHI\RenderBackend.h">
      <Filter>Header Files</Filter>
    </ClInclude>
    <ClInclude Include="src\RHI\DX12\RenderBackend_DX12.h">
      <Filter>Header Files</Filter>
    </ClInclude>
    <ClInclude Include="src\RHI\RenderDevice.h">
      <Filter>Header Files</Filter>
    </ClInclude>
    <ClInclude Include="src\RHI\DX12\RenderDevice_DX12.h">
      <Filter>Header Files</Filter>
    </ClInclude>
    <ClInclude Include="src\RHI\RenderResourceHandle.h">
      <Filter>Header Files</Filter>
    </ClInclude>
    <ClInclude Include="src\RHI\RHITypes.h">
      <Filter>Header Files</Filter>
    </ClInclude>
    <ClInclude Include="src\Handles\TypedHandlePool.h">
      <Filter>Header Files</Filter>
    </ClInclude>
    <ClInclude Include="src\RHI\DX12\Utilities\DX12DescriptorChunk.h">
      <Filter>Header Files</Filter>
    </ClInclude>
    <ClInclude Include="src\RHI\DX12\DX12CommonIncludes.h">
      <Filter>Header Files</Filter>
    </ClInclude>
    <ClInclude Include="src\RHI\DX12\Utilities\DX12DescriptorAllocatorDMA.h">
      <Filter>Header Files</Filter>
    </ClInclude>
    <ClInclude Include="src\RHI\DX12\Utilities\DX12DescriptorManager.h">
      <Filter>Header Files</Filter>
    </ClInclude>
    <ClInclude Include="src\RHI\DX12\Utilities\DX12DescriptorHeap.h">
      <Filter>Header Files</Filter>
    </ClInclude>
    <ClInclude Include="src\RHI\RenderCommandList.h">
      <Filter>Header Files</Filter>
    </ClInclude>
    <ClInclude Include="src\RHI\ShaderCompiler.h">
      <Filter>Header Files</Filter>
    </ClInclude>
    <ClInclude Include="src\RHI\ShaderCompiler\ShaderCompiler_DXC.h">
      <Filter>Header Files</Filter>
    </ClInclude>
    <ClInclude Include="src\RHI\Types\ShaderTypes.h">
      <Filter>Header Files</Filter>
    </ClInclude>
    <ClInclude Include="src\RHI\Types\PipelineTypes.h">
      <Filter>Header Files</Filter>
    </ClInclude>
    <ClInclude Include="src\RHI\Types\ResourceTypes.h">
      <Filter>Header Files</Filter>
    </ClInclude>
    <ClInclude Include="src\RHI\PipelineBuilder.h">
      <Filter>Header Files</Filter>
    </ClInclude>
    <ClInclude Include="src\RHI\DX12\Utilities\DX12Queue.h">
      <Filter>Header Files</Filter>
    </ClInclude>
    <ClInclude Include="src\RHI\DX12\Utilities\DX12Fence.h">
      <Filter>Header Files</Filter>
    </ClInclude>
    <ClInclude Include="src\RHI\DX12\Utilities\StructTranslator_DX12.h">
      <Filter>Header Files</Filter>
    </ClInclude>
    <ClInclude Include="src\RHI\DX12\Utilities\DX12RenderPass.h">
      <Filter>Header Files</Filter>
    </ClInclude>
    <ClInclude Include="src\RHI\Types\RenderPassTypes.h">
      <Filter>Header Files</Filter>
    </ClInclude>
    <ClInclude Include="src\RHI\RHIDefines.h">
      <Filter>Header Files</Filter>
    </ClInclude>
    <ClInclude Include="src\RHI\SwapChain.h">
      <Filter>Header Files</Filter>
    </ClInclude>
    <ClInclude Include="src\RHI\DX12\SwapChain_DX12.h">
      <Filter>Header Files</Filter>
    </ClInclude>
    <ClInclude Include="src\Window\Window.h">
      <Filter>Header Files</Filter>
    </ClInclude>
    <ClInclude Include="src\Application.h">
      <Filter>Header Files</Filter>
    </ClInclude>
    <ClInclude Include="src\RHI\Types\BarrierTypes.h">
      <Filter>Header Files</Filter>
    </ClInclude>
    <ClInclude Include="src\Handles\HandleAllocator.h">
      <Filter>Header Files</Filter>
    </ClInclude>
    <ClInclude Include="src\RHI\Types\ViewTypes.h">
      <Filter>Header Files</Filter>
    </ClInclude>
    <ClInclude Include="src\RHI\DX12\CommandCompiler_DX12.h">
      <Filter>Header Files</Filter>
    </ClInclude>
    <ClInclude Include="src\Rendering\Renderer.h">
      <Filter>Header Files</Filter>
    </ClInclude>
    <ClInclude Include="src\Rendering\RenderingTypes.h">
      <Filter>Header Files</Filter>
    </ClInclude>
    <ClInclude Include="src\Memory\VirtualBumpAllocator.h">
      <Filter>Header Files</Filter>
    </ClInclude>
    <ClInclude Include="src\Memory\BumpAllocator.h">
      <Filter>Header Files</Filter>
    </ClInclude>
    <ClInclude Include="src\Memory\VirtualBlockAllocator.h">
      <Filter>Header Files</Filter>
    </ClInclude>
  </ItemGroup>
</Project>